
Microsoft Visual Studio Solution File, Format Version 12.00
# Visual Studio Version 16
VisualStudioVersion = 16.0.29509.3
MinimumVisualStudioVersion = 10.0.40219.1
Project("{FAE04EC0-301F-11D3-BF4B-00C04F79EFBC}") = "KeksCS.PayKickstartApi.PlaygroundConsole", "KeksCS.PayKickstartApi.PlaygroundConsole\KeksCS.PayKickstartApi.PlaygroundConsole.csproj", "{7FB4DD0A-ED18-4EF3-B53C-CF5904F6552E}"
EndProject
Project("{9A19103F-16F7-4668-BE54-9A1E7A4F7556}") = "KeksCS.PayKickstartApi", "KeksCS.PayKickstartApi\KeksCS.PayKickstartApi.csproj", "{73312377-7843-4956-8B44-8116311983AD}"
EndProject
Global
	GlobalSection(SolutionConfigurationPlatforms) = preSolution
		Debug|Any CPU = Debug|Any CPU
		Release|Any CPU = Release|Any CPU
	EndGlobalSection
	GlobalSection(ProjectConfigurationPlatforms) = postSolution
		{7FB4DD0A-ED18-4EF3-B53C-CF5904F6552E}.Debug|Any CPU.ActiveCfg = Debug|Any CPU
		{7FB4DD0A-ED18-4EF3-B53C-CF5904F6552E}.Debug|Any CPU.Build.0 = Debug|Any CPU
		{7FB4DD0A-ED18-4EF3-B53C-CF5904F6552E}.Release|Any CPU.ActiveCfg = Release|Any CPU
		{7FB4DD0A-ED18-4EF3-B53C-CF5904F6552E}.Release|Any CPU.Build.0 = Release|Any CPU
		{73312377-7843-4956-8B44-8116311983AD}.Debug|Any CPU.ActiveCfg = Debug|Any CPU
		{73312377-7843-4956-8B44-8116311983AD}.Debug|Any CPU.Build.0 = Debug|Any CPU
		{73312377-7843-4956-8B44-8116311983AD}.Release|Any CPU.ActiveCfg = Release|Any CPU
		{73312377-7843-4956-8B44-8116311983AD}.Release|Any CPU.Build.0 = Release|Any CPU
	EndGlobalSection
	GlobalSection(SolutionProperties) = preSolution
		HideSolutionNode = FALSE
	EndGlobalSection
	GlobalSection(ExtensibilityGlobals) = postSolution
		SolutionGuid = {82D627A0-CF81-4FB2-A674-9196FE626B26}
	EndGlobalSection
EndGlobal
